// !$*UTF8*$!
{
	archiveVersion = 1;
	classes = {
	};
	objectVersion = 48;
	objects = {

/* Begin PBXBuildFile section */
		3F83157B1F25080300C43446 /* main.cpp in Sources */ = {isa = PBXBuildFile; fileRef = 3F83157A1F25080300C43446 /* main.cpp */; };
		3F8315811F2508A800C43446 /* CoreFoundation.framework in Frameworks */ = {isa = PBXBuildFile; fileRef = 3FAEE7971EFECDF400D60CF8 /* CoreFoundation.framework */; };
		3F8315841F25093A00C43446 /* main.cpp in Sources */ = {isa = PBXBuildFile; fileRef = 3F83157A1F25080300C43446 /* main.cpp */; };
		3F8315861F25093A00C43446 /* CoreFoundation.framework in Frameworks */ = {isa = PBXBuildFile; fileRef = 3FAEE7971EFECDF400D60CF8 /* CoreFoundation.framework */; };
		3F83158C1F25098800C43446 /* libdispatch_noexcept.dylib in Frameworks */ = {isa = PBXBuildFile; fileRef = 3FAEE7881EFECCA500D60CF8 /* libdispatch_noexcept.dylib */; };
		3FAEE7931EFECDDF00D60CF8 /* backtrace.cpp in Sources */ = {isa = PBXBuildFile; fileRef = 3FAEE7921EFECCE300D60CF8 /* backtrace.cpp */; };
		3FAEE7941EFECDDF00D60CF8 /* dispatch.cpp in Sources */ = {isa = PBXBuildFile; fileRef = 3FAEE7911EFECCE300D60CF8 /* dispatch.cpp */; };
		3FAEE7951EFECDEA00D60CF8 /* dispatch.h in Headers */ = {isa = PBXBuildFile; fileRef = 3FAEE7901EFECCE300D60CF8 /* dispatch.h */; settings = {ATTRIBUTES = (Public, ); }; };
		3FAEE7981EFECDFA00D60CF8 /* CoreFoundation.framework in Frameworks */ = {isa = PBXBuildFile; fileRef = 3FAEE7971EFECDF400D60CF8 /* CoreFoundation.framework */; };
/* End PBXBuildFile section */

/* Begin PBXContainerItemProxy section */
		3F83158D1F25098B00C43446 /* PBXContainerItemProxy */ = {
			isa = PBXContainerItemProxy;
			containerPortal = 3FAEE7801EFECCA500D60CF8 /* Project object */;
			proxyType = 1;
			remoteGlobalIDString = 3FAEE7871EFECCA500D60CF8;
			remoteInfo = dispatch_noexcept;
		};
/* End PBXContainerItemProxy section */

/* Begin PBXFileReference section */
		3F8315781F25080300C43446 /* test_without_dispatch_noexcept */ = {isa = PBXFileReference; explicitFileType = "compiled.mach-o.executable"; includeInIndex = 0; path = test_without_dispatch_noexcept; sourceTree = BUILT_PRODUCTS_DIR; };
		3F83157A1F25080300C43446 /* main.cpp */ = {isa = PBXFileReference; lastKnownFileType = sourcecode.cpp.cpp; path = main.cpp; sourceTree = "<group>"; };
		3F83158B1F25093A00C43446 /* test_with_dispatch_noexcept */ = {isa = PBXFileReference; explicitFileType = "compiled.mach-o.executable"; includeInIndex = 0; path = test_with_dispatch_noexcept; sourceTree = BUILT_PRODUCTS_DIR; };
		3FAEE7881EFECCA500D60CF8 /* libdispatch_noexcept.dylib */ = {isa = PBXFileReference; explicitFileType = "compiled.mach-o.dylib"; includeInIndex = 0; path = libdispatch_noexcept.dylib; sourceTree = BUILT_PRODUCTS_DIR; };
		3FAEE7901EFECCE300D60CF8 /* dispatch.h */ = {isa = PBXFileReference; lastKnownFileType = sourcecode.c.h; path = dispatch.h; sourceTree = "<group>"; };
		3FAEE7911EFECCE300D60CF8 /* dispatch.cpp */ = {isa = PBXFileReference; lastKnownFileType = sourcecode.cpp.cpp; path = dispatch.cpp; sourceTree = "<group>"; };
		3FAEE7921EFECCE300D60CF8 /* backtrace.cpp */ = {isa = PBXFileReference; lastKnownFileType = sourcecode.cpp.cpp; path = backtrace.cpp; sourceTree = "<group>"; };
		3FAEE7971EFECDF400D60CF8 /* CoreFoundation.framework */ = {isa = PBXFileReference; lastKnownFileType = wrapper.framework; name = CoreFoundation.framework; path = System/Library/Frameworks/CoreFoundation.framework; sourceTree = SDKROOT; };
/* End PBXFileReference section */

/* Begin PBXFrameworksBuildPhase section */
		3F8315751F25080300C43446 /* Frameworks */ = {
			isa = PBXFrameworksBuildPhase;
			buildActionMask = 2147483647;
			files = (
				3F8315811F2508A800C43446 /* CoreFoundation.framework in Frameworks */,
			);
			runOnlyForDeploymentPostprocessing = 0;
		};
		3F8315851F25093A00C43446 /* Frameworks */ = {
			isa = PBXFrameworksBuildPhase;
			buildActionMask = 2147483647;
			files = (
				3F83158C1F25098800C43446 /* libdispatch_noexcept.dylib in Frameworks */,
				3F8315861F25093A00C43446 /* CoreFoundation.framework in Frameworks */,
			);
			runOnlyForDeploymentPostprocessing = 0;
		};
		3FAEE7851EFECCA500D60CF8 /* Frameworks */ = {
			isa = PBXFrameworksBuildPhase;
			buildActionMask = 2147483647;
			files = (
				3FAEE7981EFECDFA00D60CF8 /* CoreFoundation.framework in Frameworks */,
			);
			runOnlyForDeploymentPostprocessing = 0;
		};
/* End PBXFrameworksBuildPhase section */

/* Begin PBXGroup section */
		3F8315791F25080300C43446 /* Test */ = {
			isa = PBXGroup;
			children = (
				3F83157A1F25080300C43446 /* main.cpp */,
			);
			path = Test;
			sourceTree = "<group>";
		};
		3FAEE77F1EFECCA500D60CF8 = {
			isa = PBXGroup;
			children = (
				3FAEE78F1EFECCDB00D60CF8 /* Source */,
				3F8315791F25080300C43446 /* Test */,
				3FAEE7891EFECCA500D60CF8 /* Products */,
				3FAEE7961EFECDF400D60CF8 /* Frameworks */,
			);
			sourceTree = "<group>";
		};
		3FAEE7891EFECCA500D60CF8 /* Products */ = {
			isa = PBXGroup;
			children = (
				3FAEE7881EFECCA500D60CF8 /* libdispatch_noexcept.dylib */,
				3F8315781F25080300C43446 /* test_without_dispatch_noexcept */,
				3F83158B1F25093A00C43446 /* test_with_dispatch_noexcept */,
			);
			name = Products;
			sourceTree = "<group>";
		};
		3FAEE78F1EFECCDB00D60CF8 /* Source */ = {
			isa = PBXGroup;
			children = (
				3FAEE7921EFECCE300D60CF8 /* backtrace.cpp */,
				3FAEE7911EFECCE300D60CF8 /* dispatch.cpp */,
				3FAEE7901EFECCE300D60CF8 /* dispatch.h */,
			);
			name = Source;
			sourceTree = "<group>";
		};
		3FAEE7961EFECDF400D60CF8 /* Frameworks */ = {
			isa = PBXGroup;
			children = (
				3FAEE7971EFECDF400D60CF8 /* CoreFoundation.framework */,
			);
			name = Frameworks;
			sourceTree = "<group>";
		};
/* End PBXGroup section */

/* Begin PBXHeadersBuildPhase section */
		3FAEE7861EFECCA500D60CF8 /* Headers */ = {
			isa = PBXHeadersBuildPhase;
			buildActionMask = 2147483647;
			files = (
				3FAEE7951EFECDEA00D60CF8 /* dispatch.h in Headers */,
			);
			runOnlyForDeploymentPostprocessing = 0;
		};
/* End PBXHeadersBuildPhase section */

/* Begin PBXNativeTarget section */
		3F8315771F25080300C43446 /* test_without_dispatch_noexcept */ = {
			isa = PBXNativeTarget;
			buildConfigurationList = 3F83157E1F25080300C43446 /* Build configuration list for PBXNativeTarget "test_without_dispatch_noexcept" */;
			buildPhases = (
				3F8315741F25080300C43446 /* Sources */,
				3F8315751F25080300C43446 /* Frameworks */,
			);
			buildRules = (
			);
			dependencies = (
			);
			name = test_without_dispatch_noexcept;
			productName = test_without_dispatch_noexcept;
			productReference = 3F8315781F25080300C43446 /* test_without_dispatch_noexcept */;
			productType = "com.apple.product-type.tool";
		};
		3F8315821F25093A00C43446 /* test_with_dispatch_noexcept */ = {
			isa = PBXNativeTarget;
			buildConfigurationList = 3F8315881F25093A00C43446 /* Build configuration list for PBXNativeTarget "test_with_dispatch_noexcept" */;
			buildPhases = (
				3F8315831F25093A00C43446 /* Sources */,
				3F8315851F25093A00C43446 /* Frameworks */,
			);
			buildRules = (
			);
			dependencies = (
				3F83158E1F25098B00C43446 /* PBXTargetDependency */,
			);
			name = test_with_dispatch_noexcept;
			productName = test_without_dispatch_noexcept;
			productReference = 3F83158B1F25093A00C43446 /* test_with_dispatch_noexcept */;
			productType = "com.apple.product-type.tool";
		};
		3FAEE7871EFECCA500D60CF8 /* dispatch_noexcept */ = {
			isa = PBXNativeTarget;
			buildConfigurationList = 3FAEE78C1EFECCA500D60CF8 /* Build configuration list for PBXNativeTarget "dispatch_noexcept" */;
			buildPhases = (
				3FAEE7841EFECCA500D60CF8 /* Sources */,
				3FAEE7851EFECCA500D60CF8 /* Frameworks */,
				3FAEE7861EFECCA500D60CF8 /* Headers */,
			);
			buildRules = (
			);
			dependencies = (
			);
			name = dispatch_noexcept;
			productName = dispatch_noexcept;
			productReference = 3FAEE7881EFECCA500D60CF8 /* libdispatch_noexcept.dylib */;
			productType = "com.apple.product-type.library.dynamic";
		};
/* End PBXNativeTarget section */

/* Begin PBXProject section */
		3FAEE7801EFECCA500D60CF8 /* Project object */ = {
			isa = PBXProject;
			attributes = {
				LastUpgradeCheck = 0900;
				ORGANIZATIONNAME = "GroundControl Solutions Inc.";
				TargetAttributes = {
					3F8315771F25080300C43446 = {
						CreatedOnToolsVersion = 8.3.3;
						ProvisioningStyle = Automatic;
					};
					3FAEE7871EFECCA500D60CF8 = {
						CreatedOnToolsVersion = 9.0;
						ProvisioningStyle = Manual;
					};
				};
			};
			buildConfigurationList = 3FAEE7831EFECCA500D60CF8 /* Build configuration list for PBXProject "dispatch_noexcept" */;
			compatibilityVersion = "Xcode 8.0";
			developmentRegion = en;
			hasScannedForEncodings = 0;
			knownRegions = (
				en,
			);
			mainGroup = 3FAEE77F1EFECCA500D60CF8;
			productRefGroup = 3FAEE7891EFECCA500D60CF8 /* Products */;
			projectDirPath = "";
			projectRoot = "";
			targets = (
				3FAEE7871EFECCA500D60CF8 /* dispatch_noexcept */,
				3F8315771F25080300C43446 /* test_without_dispatch_noexcept */,
				3F8315821F25093A00C43446 /* test_with_dispatch_noexcept */,
			);
		};
/* End PBXProject section */

/* Begin PBXSourcesBuildPhase section */
		3F8315741F25080300C43446 /* Sources */ = {
			isa = PBXSourcesBuildPhase;
			buildActionMask = 2147483647;
			files = (
				3F83157B1F25080300C43446 /* main.cpp in Sources */,
			);
			runOnlyForDeploymentPostprocessing = 0;
		};
		3F8315831F25093A00C43446 /* Sources */ = {
			isa = PBXSourcesBuildPhase;
			buildActionMask = 2147483647;
			files = (
				3F8315841F25093A00C43446 /* main.cpp in Sources */,
			);
			runOnlyForDeploymentPostprocessing = 0;
		};
		3FAEE7841EFECCA500D60CF8 /* Sources */ = {
			isa = PBXSourcesBuildPhase;
			buildActionMask = 2147483647;
			files = (
				3FAEE7931EFECDDF00D60CF8 /* backtrace.cpp in Sources */,
				3FAEE7941EFECDDF00D60CF8 /* dispatch.cpp in Sources */,
			);
			runOnlyForDeploymentPostprocessing = 0;
		};
/* End PBXSourcesBuildPhase section */

/* Begin PBXTargetDependency section */
		3F83158E1F25098B00C43446 /* PBXTargetDependency */ = {
			isa = PBXTargetDependency;
			target = 3FAEE7871EFECCA500D60CF8 /* dispatch_noexcept */;
			targetProxy = 3F83158D1F25098B00C43446 /* PBXContainerItemProxy */;
		};
/* End PBXTargetDependency section */

/* Begin XCBuildConfiguration section */
		3F83157C1F25080300C43446 /* Debug */ = {
			isa = XCBuildConfiguration;
			buildSettings = {
				CLANG_CXX_LANGUAGE_STANDARD = "gnu++0x";
				CODE_SIGN_IDENTITY = "-";
				DEVELOPMENT_TEAM = FTXEA565T8;
				GCC_C_LANGUAGE_STANDARD = gnu99;
				LD_RUNPATH_SEARCH_PATHS = "@loader_path/";
				PRODUCT_NAME = "$(TARGET_NAME)";
			};
			name = Debug;
		};
		3F83157D1F25080300C43446 /* Release */ = {
			isa = XCBuildConfiguration;
			buildSettings = {
				CLANG_CXX_LANGUAGE_STANDARD = "gnu++0x";
				CODE_SIGN_IDENTITY = "-";
				DEVELOPMENT_TEAM = FTXEA565T8;
				GCC_C_LANGUAGE_STANDARD = gnu99;
				LD_RUNPATH_SEARCH_PATHS = "@loader_path/";
				PRODUCT_NAME = "$(TARGET_NAME)";
			};
			name = Release;
		};
		3F8315891F25093A00C43446 /* Debug */ = {
			isa = XCBuildConfiguration;
			buildSettings = {
				CLANG_CXX_LANGUAGE_STANDARD = "gnu++0x";
				CODE_SIGN_IDENTITY = "-";
				DEVELOPMENT_TEAM = FTXEA565T8;
				GCC_C_LANGUAGE_STANDARD = gnu99;
				GCC_PREPROCESSOR_DEFINITIONS = (
					"INCLUDE_DISPATCH_NOEXCEPT=1",
					"DEBUG=1",
				);
				LD_RUNPATH_SEARCH_PATHS = "@loader_path/";
				PRODUCT_NAME = "$(TARGET_NAME)";
			};
			name = Debug;
		};
		3F83158A1F25093A00C43446 /* Release */ = {
			isa = XCBuildConfiguration;
			buildSettings = {
				CLANG_CXX_LANGUAGE_STANDARD = "gnu++0x";
				CODE_SIGN_IDENTITY = "-";
				DEVELOPMENT_TEAM = FTXEA565T8;
				GCC_C_LANGUAGE_STANDARD = gnu99;
				GCC_PREPROCESSOR_DEFINITIONS = "INCLUDE_DISPATCH_NOEXCEPT=1";
				LD_RUNPATH_SEARCH_PATHS = "@loader_path/";
				PRODUCT_NAME = "$(TARGET_NAME)";
			};
			name = Release;
		};
		3FAEE78A1EFECCA500D60CF8 /* Debug */ = {
			isa = XCBuildConfiguration;
			buildSettings = {
				ALWAYS_SEARCH_USER_PATHS = NO;
				CLANG_ANALYZER_NONNULL = YES;
				CLANG_ANALYZER_NUMBER_OBJECT_CONVERSION = YES_AGGRESSIVE;
				CLANG_CXX_LANGUAGE_STANDARD = "gnu++14";
				CLANG_CXX_LIBRARY = "libc++";
				CLANG_ENABLE_MODULES = YES;
				CLANG_ENABLE_OBJC_ARC = YES;
				CLANG_WARN_BLOCK_CAPTURE_AUTORELEASING = YES;
				CLANG_WARN_BOOL_CONVERSION = YES;
				CLANG_WARN_COMMA = YES;
				CLANG_WARN_CONSTANT_CONVERSION = YES;
				CLANG_WARN_DIRECT_OBJC_ISA_USAGE = YES_ERROR;
				CLANG_WARN_DOCUMENTATION_COMMENTS = YES;
				CLANG_WARN_EMPTY_BODY = YES;
				CLANG_WARN_ENUM_CONVERSION = YES;
				CLANG_WARN_INFINITE_RECURSION = YES;
				CLANG_WARN_INT_CONVERSION = YES;
				CLANG_WARN_OBJC_ROOT_CLASS = YES_ERROR;
				CLANG_WARN_RANGE_LOOP_ANALYSIS = YES;
				CLANG_WARN_STRICT_PROTOTYPES = YES;
				CLANG_WARN_SUSPICIOUS_MOVE = YES;
				CLANG_WARN_UNGUARDED_AVAILABILITY = YES_AGGRESSIVE;
				CLANG_WARN_UNREACHABLE_CODE = YES;
				CLANG_WARN__DUPLICATE_METHOD_MATCH = YES;
				CODE_SIGN_IDENTITY = "Mac Developer";
				COPY_PHASE_STRIP = NO;
				DEBUG_INFORMATION_FORMAT = dwarf;
				ENABLE_STRICT_OBJC_MSGSEND = YES;
				ENABLE_TESTABILITY = YES;
				GCC_C_LANGUAGE_STANDARD = gnu11;
				GCC_DYNAMIC_NO_PIC = NO;
				GCC_NO_COMMON_BLOCKS = YES;
				GCC_OPTIMIZATION_LEVEL = 0;
				GCC_PREPROCESSOR_DEFINITIONS = (
					"DEBUG=1",
					"$(inherited)",
				);
				GCC_WARN_64_TO_32_BIT_CONVERSION = YES;
				GCC_WARN_ABOUT_RETURN_TYPE = YES_ERROR;
				GCC_WARN_UNDECLARED_SELECTOR = YES;
				GCC_WARN_UNINITIALIZED_AUTOS = YES_AGGRESSIVE;
				GCC_WARN_UNUSED_FUNCTION = YES;
				GCC_WARN_UNUSED_VARIABLE = YES;
				MACOSX_DEPLOYMENT_TARGET = 10.12;
				MTL_ENABLE_DEBUG_INFO = YES;
				ONLY_ACTIVE_ARCH = YES;
				SDKROOT = macosx;
			};
			name = Debug;
		};
		3FAEE78B1EFECCA500D60CF8 /* Release */ = {
			isa = XCBuildConfiguration;
			buildSettings = {
				ALWAYS_SEARCH_USER_PATHS = NO;
				CLANG_ANALYZER_NONNULL = YES;
				CLANG_ANALYZER_NUMBER_OBJECT_CONVERSION = YES_AGGRESSIVE;
				CLANG_CXX_LANGUAGE_STANDARD = "gnu++14";
				CLANG_CXX_LIBRARY = "libc++";
				CLANG_ENABLE_MODULES = YES;
				CLANG_ENABLE_OBJC_ARC = YES;
				CLANG_WARN_BLOCK_CAPTURE_AUTORELEASING = YES;
				CLANG_WARN_BOOL_CONVERSION = YES;
				CLANG_WARN_COMMA = YES;
				CLANG_WARN_CONSTANT_CONVERSION = YES;
				CLANG_WARN_DIRECT_OBJC_ISA_USAGE = YES_ERROR;
				CLANG_WARN_DOCUMENTATION_COMMENTS = YES;
				CLANG_WARN_EMPTY_BODY = YES;
				CLANG_WARN_ENUM_CONVERSION = YES;
				CLANG_WARN_INFINITE_RECURSION = YES;
				CLANG_WARN_INT_CONVERSION = YES;
				CLANG_WARN_OBJC_ROOT_CLASS = YES_ERROR;
				CLANG_WARN_RANGE_LOOP_ANALYSIS = YES;
				CLANG_WARN_STRICT_PROTOTYPES = YES;
				CLANG_WARN_SUSPICIOUS_MOVE = YES;
				CLANG_WARN_UNGUARDED_AVAILABILITY = YES_AGGRESSIVE;
				CLANG_WARN_UNREACHABLE_CODE = YES;
				CLANG_WARN__DUPLICATE_METHOD_MATCH = YES;
				CODE_SIGN_IDENTITY = "Mac Developer";
				COPY_PHASE_STRIP = NO;
				DEBUG_INFORMATION_FORMAT = "dwarf-with-dsym";
				ENABLE_NS_ASSERTIONS = NO;
				ENABLE_STRICT_OBJC_MSGSEND = YES;
				GCC_C_LANGUAGE_STANDARD = gnu11;
				GCC_NO_COMMON_BLOCKS = YES;
				GCC_WARN_64_TO_32_BIT_CONVERSION = YES;
				GCC_WARN_ABOUT_RETURN_TYPE = YES_ERROR;
				GCC_WARN_UNDECLARED_SELECTOR = YES;
				GCC_WARN_UNINITIALIZED_AUTOS = YES_AGGRESSIVE;
				GCC_WARN_UNUSED_FUNCTION = YES;
				GCC_WARN_UNUSED_VARIABLE = YES;
				MACOSX_DEPLOYMENT_TARGET = 10.12;
				MTL_ENABLE_DEBUG_INFO = NO;
				SDKROOT = macosx;
			};
			name = Release;
		};
		3FAEE78D1EFECCA500D60CF8 /* Debug */ = {
			isa = XCBuildConfiguration;
			buildSettings = {
				CODE_SIGN_IDENTITY = "";
				DYLIB_COMPATIBILITY_VERSION = 1;
				DYLIB_CURRENT_VERSION = 1;
				DYLIB_INSTALL_NAME_BASE = "";
				EXECUTABLE_PREFIX = lib;
				INSTALL_PATH = "";
				LD_DYLIB_INSTALL_NAME = "@rpath/$(EXECUTABLE_PATH)";
				MACOSX_DEPLOYMENT_TARGET = 10.9;
				PRIVATE_HEADERS_FOLDER_PATH = "$(PRODUCT_NAME)";
				PRODUCT_NAME = "$(TARGET_NAME)";
				PUBLIC_HEADERS_FOLDER_PATH = "$(PRODUCT_NAME)";
			};
			name = Debug;
		};
		3FAEE78E1EFECCA500D60CF8 /* Release */ = {
			isa = XCBuildConfiguration;
			buildSettings = {
				CODE_SIGN_IDENTITY = "";
				DYLIB_COMPATIBILITY_VERSION = 1;
				DYLIB_CURRENT_VERSION = 1;
				DYLIB_INSTALL_NAME_BASE = "";
				EXECUTABLE_PREFIX = lib;
				INSTALL_PATH = "";
				LD_DYLIB_INSTALL_NAME = "@rpath/$(EXECUTABLE_PATH)";
				MACOSX_DEPLOYMENT_TARGET = 10.9;
				PRIVATE_HEADERS_FOLDER_PATH = "$(PRODUCT_NAME)";
				PRODUCT_NAME = "$(TARGET_NAME)";
				PUBLIC_HEADERS_FOLDER_PATH = "$(PRODUCT_NAME)";
			};
			name = Release;
		};
/* End XCBuildConfiguration section */

/* Begin XCConfigurationList section */
		3F83157E1F25080300C43446 /* Build configuration list for PBXNativeTarget "test_without_dispatch_noexcept" */ = {
			isa = XCConfigurationList;
			buildConfigurations = (
				3F83157C1F25080300C43446 /* Debug */,
				3F83157D1F25080300C43446 /* Release */,
			);
			defaultConfigurationIsVisible = 0;
			defaultConfigurationName = Release;
		};
		3F8315881F25093A00C43446 /* Build configuration list for PBXNativeTarget "test_with_dispatch_noexcept" */ = {
			isa = XCConfigurationList;
			buildConfigurations = (
				3F8315891F25093A00C43446 /* Debug */,
				3F83158A1F25093A00C43446 /* Release */,
			);
			defaultConfigurationIsVisible = 0;
			defaultConfigurationName = Release;
		};
		3FAEE7831EFECCA500D60CF8 /* Build configuration list for PBXProject "dispatch_noexcept" */ = {
			isa = XCConfigurationList;
			buildConfigurations = (
				3FAEE78A1EFECCA500D60CF8 /* Debug */,
				3FAEE78B1EFECCA500D60CF8 /* Release */,
			);
			defaultConfigurationIsVisible = 0;
			defaultConfigurationName = Release;
		};
		3FAEE78C1EFECCA500D60CF8 /* Build configuration list for PBXNativeTarget "dispatch_noexcept" */ = {
			isa = XCConfigurationList;
			buildConfigurations = (
				3FAEE78D1EFECCA500D60CF8 /* Debug */,
				3FAEE78E1EFECCA500D60CF8 /* Release */,
			);
			defaultConfigurationIsVisible = 0;
			defaultConfigurationName = Release;
		};
/* End XCConfigurationList section */
	};
	rootObject = 3FAEE7801EFECCA500D60CF8 /* Project object */;
}
